
Microsoft Visual Studio Solution File, Format Version 12.00
# Visual Studio 15
VisualStudioVersion = 15.0.27130.2020
MinimumVisualStudioVersion = 10.0.40219.1
Project("{FAE04EC0-301F-11D3-BF4B-00C04F79EFBC}") = "LojaGeek", "LojaGeek\LojaGeek.csproj", "{E23828BE-6EE4-4794-9DB8-F141F0A54794}"
EndProject
Project("{FAE04EC0-301F-11D3-BF4B-00C04F79EFBC}") = "LojaGeek.Model", "LojaGeek.Model\LojaGeek.Model.csproj", "{96CDDA3F-CB71-417A-A626-D6C4317F1B81}"
EndProject
Global
	GlobalSection(SolutionConfigurationPlatforms) = preSolution
		Debug|Any CPU = Debug|Any CPU
		Release|Any CPU = Release|Any CPU
	EndGlobalSection
	GlobalSection(ProjectConfigurationPlatforms) = postSolution
		{E23828BE-6EE4-4794-9DB8-F141F0A54794}.Debug|Any CPU.ActiveCfg = Debug|Any CPU
		{E23828BE-6EE4-4794-9DB8-F141F0A54794}.Debug|Any CPU.Build.0 = Debug|Any CPU
		{E23828BE-6EE4-4794-9DB8-F141F0A54794}.Release|Any CPU.ActiveCfg = Release|Any CPU
		{E23828BE-6EE4-4794-9DB8-F141F0A54794}.Release|Any CPU.Build.0 = Release|Any CPU
		{96CDDA3F-CB71-417A-A626-D6C4317F1B81}.Debug|Any CPU.ActiveCfg = Debug|Any CPU
		{96CDDA3F-CB71-417A-A626-D6C4317F1B81}.Debug|Any CPU.Build.0 = Debug|Any CPU
		{96CDDA3F-CB71-417A-A626-D6C4317F1B81}.Release|Any CPU.ActiveCfg = Release|Any CPU
		{96CDDA3F-CB71-417A-A626-D6C4317F1B81}.Release|Any CPU.Build.0 = Release|Any CPU
	EndGlobalSection
	GlobalSection(SolutionProperties) = preSolution
		HideSolutionNode = FALSE
	EndGlobalSection
	GlobalSection(ExtensibilityGlobals) = postSolution
		SolutionGuid = {1CEC553F-BA8D-4524-9D8E-2DF413C37223}
	EndGlobalSection
EndGlobal
